
Microsoft Visual Studio Solution File, Format Version 12.00
# Visual Studio Version 17
VisualStudioVersion = 17.10.35027.167
MinimumVisualStudioVersion = 10.0.40219.1
Project("{FAE04EC0-301F-11D3-BF4B-00C04F79EFBC}") = "Users", "Users.csproj", "{89E6E51B-8B48-41AB-8FE5-ABE9D820003F}"
EndProject
Global
	GlobalSection(SolutionConfigurationPlatforms) = preSolution
		Debug|Any CPU = Debug|Any CPU
		Release|Any CPU = Release|Any CPU
	EndGlobalSection
	GlobalSection(ProjectConfigurationPlatforms) = postSolution
		{89E6E51B-8B48-41AB-8FE5-ABE9D820003F}.Debug|Any CPU.ActiveCfg = Debug|Any CPU
		{89E6E51B-8B48-41AB-8FE5-ABE9D820003F}.Debug|Any CPU.Build.0 = Debug|Any CPU
		{89E6E51B-8B48-41AB-8FE5-ABE9D820003F}.Release|Any CPU.ActiveCfg = Release|Any CPU
		{89E6E51B-8B48-41AB-8FE5-ABE9D820003F}.Release|Any CPU.Build.0 = Release|Any CPU
	EndGlobalSection
	GlobalSection(SolutionProperties) = preSolution
		HideSolutionNode = FALSE
	EndGlobalSection
	GlobalSection(ExtensibilityGlobals) = postSolution
		SolutionGuid = {5C03F7F5-13FB-4F2B-A607-39858F675B4A}
	EndGlobalSection
EndGlobal
